<?xml version="1.0" encoding="utf-8"?>
<Project ToolsVersion="4.0" xmlns="http://schemas.microsoft.com/developer/msbuild/2003">
  <ItemGroup>
    <Filter Include="GameEngine">
      <UniqueIdentifier>{c34e7e0a-af21-48a7-ab2b-0a9b93d00f74}</UniqueIdentifier>
    </Filter>
    <Filter Include="GameEngine\GraphicsEngine">
      <UniqueIdentifier>{24a7c335-e290-4cbd-8584-77b51e1d2290}</UniqueIdentifier>
    </Filter>
    <Filter Include="GameEngine\Window">
      <UniqueIdentifier>{6bdeb162-f117-4642-9d7d-dfa593c9ccfa}</UniqueIdentifier>
    </Filter>
    <Filter Include="App">
      <UniqueIdentifier>{615b4253-d615-4c35-928a-79ee4abf20b0}</UniqueIdentifier>
    </Filter>
    <Filter Include="GameEngine\GraphicsEngine\DeviceContext">
      <UniqueIdentifier>{6f8e24d6-b58b-4864-8830-121fc05d5201}</UniqueIdentifier>
    </Filter>
    <Filter Include="GameEngine\GraphicsEngine\SwapChain">
      <UniqueIdentifier>{88d3021e-7a77-4fb2-a50a-0cf269a37342}</UniqueIdentifier>
    </Filter>
    <Filter Include="GameEngine\GraphicsEngine\VertexBuffer">
      <UniqueIdentifier>{f0f32715-f0ba-4043-b0e5-5bb27d8df2e7}</UniqueIdentifier>
    </Filter>
    <Filter Include="GameEngine\GraphicsEngine\VertexShader">
      <UniqueIdentifier>{effc5522-9938-49c9-be8d-ddcebca55ef8}</UniqueIdentifier>
    </Filter>
    <Filter Include="File Shaders">
      <UniqueIdentifier>{6affe650-ba28-4922-8f63-9a4b582de830}</UniqueIdentifier>
    </Filter>
    <Filter Include="GameEngine\GraphicsEngine\PixelShader">
      <UniqueIdentifier>{b3249377-d8ee-4087-bccf-73c166f15051}</UniqueIdentifier>
    </Filter>
    <Filter Include="GameEngine\GraphicsEngine\ConstantBuffer">
      <UniqueIdentifier>{b4e0554f-2c8a-4479-bbc3-7e140fd164ed}</UniqueIdentifier>
    </Filter>
    <Filter Include="Primitives">
      <UniqueIdentifier>{01daf2ba-85fb-4781-a603-d72aa7ef82ce}</UniqueIdentifier>
    </Filter>
    <Filter Include="Primitives\2D">
      <UniqueIdentifier>{795a25ef-b4f5-4cd5-9581-7e304b71af66}</UniqueIdentifier>
    </Filter>
    <Filter Include="Primitives\2D\Rectangle">
      <UniqueIdentifier>{70372f9c-020e-4bfe-9543-be875d9ed796}</UniqueIdentifier>
    </Filter>
    <Filter Include="Primitives\2D\Triangle">
      <UniqueIdentifier>{41f1d430-d07d-4c92-9fd9-5fae327c2adc}</UniqueIdentifier>
    </Filter>
    <Filter Include="GameEngine\Math">
      <UniqueIdentifier>{2af31e7d-2fc7-4b0f-b9fc-a77b4f810f8a}</UniqueIdentifier>
    </Filter>
    <Filter Include="GameEngine\Math\Vector3D">
      <UniqueIdentifier>{9bdcfbe8-09c3-475a-9cae-dfd9b7391227}</UniqueIdentifier>
    </Filter>
    <Filter Include="GameEngine\Math\Matrix4x4">
      <UniqueIdentifier>{36f908b5-0164-4453-96d9-03288bbf79ff}</UniqueIdentifier>
    </Filter>
    <Filter Include="EngineTime">
      <UniqueIdentifier>{4a9ea4cc-4cbb-4fc0-87b0-05a4cb2658b9}</UniqueIdentifier>
    </Filter>
    <Filter Include="GameEngine\GraphicsEngine\IndexBuffer">
      <UniqueIdentifier>{1c8eb838-d6d1-4ddc-8bef-bc9869c5cfb8}</UniqueIdentifier>
    </Filter>
    <Filter Include="Primitives\3D">
      <UniqueIdentifier>{69b97442-0ead-43e9-9c08-f21d98c67680}</UniqueIdentifier>
    </Filter>
    <Filter Include="Primitives\3D\AGameObject">
      <UniqueIdentifier>{01c287ec-aa73-4caa-bda4-da1c7c4c3357}</UniqueIdentifier>
    </Filter>
    <Filter Include="Primitives\3D\Cube">
      <UniqueIdentifier>{424ddca1-f78f-4c9e-aea1-d1c62eb4aee1}</UniqueIdentifier>
    </Filter>
    <Filter Include="Primitives\3D\Cube\NormalCube">
      <UniqueIdentifier>{e6434f80-af97-4292-91fb-6138d912579b}</UniqueIdentifier>
    </Filter>
    <Filter Include="Primitives\3D\Plane">
      <UniqueIdentifier>{ff95557b-3c01-4df4-b608-97cdd661f3b2}</UniqueIdentifier>
    </Filter>
    <Filter Include="Primitives\3D\Sphere">
      <UniqueIdentifier>{f20cf03c-10b3-434e-89db-3010b2fe3d85}</UniqueIdentifier>
    </Filter>
  </ItemGroup>
  <ItemGroup>
    <ClCompile Include="GraphicsEngine.cpp">
      <Filter>GameEngine\GraphicsEngine</Filter>
    </ClCompile>
    <ClCompile Include="SwapChain.cpp">
      <Filter>GameEngine\GraphicsEngine\SwapChain</Filter>
    </ClCompile>
    <ClCompile Include="Window.cpp">
      <Filter>GameEngine\Window</Filter>
    </ClCompile>
    <ClCompile Include="AppWindow.cpp">
      <Filter>App</Filter>
    </ClCompile>
    <ClCompile Include="main.cpp">
      <Filter>App</Filter>
    </ClCompile>
    <ClCompile Include="DeviceContext.cpp">
      <Filter>GameEngine\GraphicsEngine\DeviceContext</Filter>
    </ClCompile>
    <ClCompile Include="VertexBuffer.cpp">
      <Filter>GameEngine\GraphicsEngine\VertexBuffer</Filter>
    </ClCompile>
    <ClCompile Include="VertexShader.cpp">
      <Filter>GameEngine\GraphicsEngine\VertexShader</Filter>
    </ClCompile>
    <ClCompile Include="PixelShader.cpp">
      <Filter>GameEngine\GraphicsEngine\PixelShader</Filter>
    </ClCompile>
    <ClCompile Include="ConstantBuffer.cpp">
      <Filter>GameEngine\GraphicsEngine\ConstantBuffer</Filter>
    </ClCompile>
    <ClCompile Include="Rectangle.cpp">
      <Filter>Primitives\2D\Rectangle</Filter>
    </ClCompile>
    <ClCompile Include="Triangle.cpp">
      <Filter>Primitives\2D\Triangle</Filter>
    </ClCompile>
    <ClCompile Include="Vector3D.cpp">
      <Filter>GameEngine\Math\Vector3D</Filter>
    </ClCompile>
    <ClCompile Include="Matrix4x4.cpp">
      <Filter>GameEngine\Math\Matrix4x4</Filter>
    </ClCompile>
    <ClCompile Include="EngineTime.cpp">
      <Filter>EngineTime</Filter>
    </ClCompile>
    <ClCompile Include="IndexBuffer.cpp">
      <Filter>GameEngine\GraphicsEngine\IndexBuffer</Filter>
    </ClCompile>
    <ClCompile Include="AGameObject.cpp">
      <Filter>Primitives\3D\AGameObject</Filter>
    </ClCompile>
    <ClCompile Include="Math.cpp">
      <Filter>GameEngine\Math</Filter>
    </ClCompile>
    <ClCompile Include="Cube.cpp">
      <Filter>Primitives\3D\Cube\NormalCube</Filter>
    </ClCompile>
    <ClCompile Include="Plane.cpp">
      <Filter>Primitives\3D\Plane</Filter>
    </ClCompile>
    <ClCompile Include="Sphere.cpp">
      <Filter>Primitives\3D\Sphere</Filter>
    </ClCompile>
  </ItemGroup>
  <ItemGroup>
    <ClInclude Include="GraphicsEngine.h">
      <Filter>GameEngine\GraphicsEngine</Filter>
    </ClInclude>
    <ClInclude Include="SwapChain.h">
      <Filter>GameEngine\GraphicsEngine\SwapChain</Filter>
    </ClInclude>
    <ClInclude Include="Window.h">
      <Filter>GameEngine\Window</Filter>
    </ClInclude>
    <ClInclude Include="AppWindow.h">
      <Filter>App</Filter>
    </ClInclude>
    <ClInclude Include="DeviceContext.h">
      <Filter>GameEngine\GraphicsEngine\DeviceContext</Filter>
    </ClInclude>
    <ClInclude Include="VertexBuffer.h">
      <Filter>GameEngine\GraphicsEngine\VertexBuffer</Filter>
    </ClInclude>
    <ClInclude Include="VertexShader.h">
      <Filter>GameEngine\GraphicsEngine\VertexShader</Filter>
    </ClInclude>
    <ClInclude Include="PixelShader.h">
      <Filter>GameEngine\GraphicsEngine\PixelShader</Filter>
    </ClInclude>
    <ClInclude Include="ConstantBuffer.h">
      <Filter>GameEngine\GraphicsEngine\ConstantBuffer</Filter>
    </ClInclude>
    <ClInclude Include="Rectangle.h">
      <Filter>Primitives\2D\Rectangle</Filter>
    </ClInclude>
    <ClInclude Include="Triangle.h">
      <Filter>Primitives\2D\Triangle</Filter>
    </ClInclude>
    <ClInclude Include="Vector3D.h">
      <Filter>GameEngine\Math\Vector3D</Filter>
    </ClInclude>
    <ClInclude Include="Matrix4x4.h">
      <Filter>GameEngine\Math\Matrix4x4</Filter>
    </ClInclude>
    <ClInclude Include="EngineTime.h">
      <Filter>EngineTime</Filter>
    </ClInclude>
    <ClInclude Include="IndexBuffer.h">
      <Filter>GameEngine\GraphicsEngine\IndexBuffer</Filter>
    </ClInclude>
    <ClInclude Include="AGameObject.h">
      <Filter>Primitives\3D\AGameObject</Filter>
    </ClInclude>
    <ClInclude Include="Math.h">
      <Filter>GameEngine\Math</Filter>
    </ClInclude>
    <ClInclude Include="Cube.h">
      <Filter>Primitives\3D\Cube\NormalCube</Filter>
    </ClInclude>
    <ClInclude Include="Plane.h">
      <Filter>Primitives\3D\Plane</Filter>
    </ClInclude>
    <ClInclude Include="Sphere.h">
      <Filter>Primitives\3D\Sphere</Filter>
    </ClInclude>
  </ItemGroup>
  <ItemGroup>
    <FxCompile Include="VertexShader.hlsl">
      <Filter>File Shaders</Filter>
    </FxCompile>
    <FxCompile Include="shader.fx">
      <Filter>File Shaders</Filter>
    </FxCompile>
    <FxCompile Include="PixelShader.hlsl">
      <Filter>File Shaders</Filter>
    </FxCompile>
  </ItemGroup>
</Project>