
Microsoft Visual Studio Solution File, Format Version 12.00
# Visual Studio Version 17
VisualStudioVersion = 17.1.32407.343
MinimumVisualStudioVersion = 10.0.40219.1
Project("{8BC9CEB8-8B4A-11D0-8D11-00A0C91BC942}") = "GDENG-2 Project1", "GDENG-2 Project1\GDENG-2 Project1.vcxproj", "{0A668FB9-B4DE-4A5A-9068-6CC37449F763}"
EndProject
Project("{8BC9CEB8-8B4A-11D0-8D11-00A0C91BC942}") = "GDENG-2 Project1 - EngineTime", "GDENG-2 Project1 - EngineTime\GDENG-2 Project1 - EngineTime.vcxproj", "{02AD009E-7A27-4966-9519-4A527CFCBC27}"
EndProject
Project("{8BC9CEB8-8B4A-11D0-8D11-00A0C91BC942}") = "GDENG-2 Project1 - DirectXExperiment", "GDENG-2 Project1 - DirectXExperiment\GDENG-2 Project1 - DirectXExperiment.vcxproj", "{CD470759-2BFA-47CF-8273-A95446B21787}"
EndProject
Project("{8BC9CEB8-8B4A-11D0-8D11-00A0C91BC942}") = "GDENG-2 Project1 - 3D Rendering", "GDENG-2 Project1 - 3D Rendering\GDENG-2 Project1 - 3D Rendering.vcxproj", "{40F46EA8-3498-4CE4-B5EC-2D49BDDE4692}"
EndProject
Project("{8BC9CEB8-8B4A-11D0-8D11-00A0C91BC942}") = "GDENG-2 Project1 - Input System and Camera", "GDENG-2 Project1 - Input System and Camera\GDENG-2 Project1 - Input System and Camera.vcxproj", "{3F2FEA9E-7E99-4BB3-8102-FFEF984E77CC}"
EndProject
Global
	GlobalSection(SolutionConfigurationPlatforms) = preSolution
		Debug|x64 = Debug|x64
		Debug|x86 = Debug|x86
		Release|x64 = Release|x64
		Release|x86 = Release|x86
	EndGlobalSection
	GlobalSection(ProjectConfigurationPlatforms) = postSolution
		{0A668FB9-B4DE-4A5A-9068-6CC37449F763}.Debug|x64.ActiveCfg = Debug|x64
		{0A668FB9-B4DE-4A5A-9068-6CC37449F763}.Debug|x64.Build.0 = Debug|x64
		{0A668FB9-B4DE-4A5A-9068-6CC37449F763}.Debug|x86.ActiveCfg = Debug|Win32
		{0A668FB9-B4DE-4A5A-9068-6CC37449F763}.Debug|x86.Build.0 = Debug|Win32
		{0A668FB9-B4DE-4A5A-9068-6CC37449F763}.Release|x64.ActiveCfg = Release|x64
		{0A668FB9-B4DE-4A5A-9068-6CC37449F763}.Release|x64.Build.0 = Release|x64
		{0A668FB9-B4DE-4A5A-9068-6CC37449F763}.Release|x86.ActiveCfg = Release|Win32
		{0A668FB9-B4DE-4A5A-9068-6CC37449F763}.Release|x86.Build.0 = Release|Win32
		{02AD009E-7A27-4966-9519-4A527CFCBC27}.Debug|x64.ActiveCfg = Debug|x64
		{02AD009E-7A27-4966-9519-4A527CFCBC27}.Debug|x64.Build.0 = Debug|x64
		{02AD009E-7A27-4966-9519-4A527CFCBC27}.Debug|x86.ActiveCfg = Debug|Win32
		{02AD009E-7A27-4966-9519-4A527CFCBC27}.Debug|x86.Build.0 = Debug|Win32
		{02AD009E-7A27-4966-9519-4A527CFCBC27}.Release|x64.ActiveCfg = Release|x64
		{02AD009E-7A27-4966-9519-4A527CFCBC27}.Release|x64.Build.0 = Release|x64
		{02AD009E-7A27-4966-9519-4A527CFCBC27}.Release|x86.ActiveCfg = Release|Win32
		{02AD009E-7A27-4966-9519-4A527CFCBC27}.Release|x86.Build.0 = Release|Win32
		{CD470759-2BFA-47CF-8273-A95446B21787}.Debug|x64.ActiveCfg = Debug|x64
		{CD470759-2BFA-47CF-8273-A95446B21787}.Debug|x64.Build.0 = Debug|x64
		{CD470759-2BFA-47CF-8273-A95446B21787}.Debug|x86.ActiveCfg = Debug|Win32
		{CD470759-2BFA-47CF-8273-A95446B21787}.Debug|x86.Build.0 = Debug|Win32
		{CD470759-2BFA-47CF-8273-A95446B21787}.Release|x64.ActiveCfg = Release|x64
		{CD470759-2BFA-47CF-8273-A95446B21787}.Release|x64.Build.0 = Release|x64
		{CD470759-2BFA-47CF-8273-A95446B21787}.Release|x86.ActiveCfg = Release|Win32
		{CD470759-2BFA-47CF-8273-A95446B21787}.Release|x86.Build.0 = Release|Win32
		{40F46EA8-3498-4CE4-B5EC-2D49BDDE4692}.Debug|x64.ActiveCfg = Debug|x64
		{40F46EA8-3498-4CE4-B5EC-2D49BDDE4692}.Debug|x64.Build.0 = Debug|x64
		{40F46EA8-3498-4CE4-B5EC-2D49BDDE4692}.Debug|x86.ActiveCfg = Debug|Win32
		{40F46EA8-3498-4CE4-B5EC-2D49BDDE4692}.Debug|x86.Build.0 = Debug|Win32
		{40F46EA8-3498-4CE4-B5EC-2D49BDDE4692}.Release|x64.ActiveCfg = Release|x64
		{40F46EA8-3498-4CE4-B5EC-2D49BDDE4692}.Release|x64.Build.0 = Release|x64
		{40F46EA8-3498-4CE4-B5EC-2D49BDDE4692}.Release|x86.ActiveCfg = Release|Win32
		{40F46EA8-3498-4CE4-B5EC-2D49BDDE4692}.Release|x86.Build.0 = Release|Win32
		{3F2FEA9E-7E99-4BB3-8102-FFEF984E77CC}.Debug|x64.ActiveCfg = Debug|x64
		{3F2FEA9E-7E99-4BB3-8102-FFEF984E77CC}.Debug|x64.Build.0 = Debug|x64
		{3F2FEA9E-7E99-4BB3-8102-FFEF984E77CC}.Debug|x86.ActiveCfg = Debug|Win32
		{3F2FEA9E-7E99-4BB3-8102-FFEF984E77CC}.Debug|x86.Build.0 = Debug|Win32
		{3F2FEA9E-7E99-4BB3-8102-FFEF984E77CC}.Release|x64.ActiveCfg = Release|x64
		{3F2FEA9E-7E99-4BB3-8102-FFEF984E77CC}.Release|x64.Build.0 = Release|x64
		{3F2FEA9E-7E99-4BB3-8102-FFEF984E77CC}.Release|x86.ActiveCfg = Release|Win32
		{3F2FEA9E-7E99-4BB3-8102-FFEF984E77CC}.Release|x86.Build.0 = Release|Win32
	EndGlobalSection
	GlobalSection(SolutionProperties) = preSolution
		HideSolutionNode = FALSE
	EndGlobalSection
	GlobalSection(ExtensibilityGlobals) = postSolution
		SolutionGuid = {3BB9EA72-4FDF-4CFB-A55F-C7FD5A795B20}
	EndGlobalSection
EndGlobal
